
Microsoft Visual Studio Solution File, Format Version 12.00
# Visual Studio 15
VisualStudioVersion = 15.0.27703.2035
MinimumVisualStudioVersion = 10.0.40219.1
Project("{FAE04EC0-301F-11D3-BF4B-00C04F79EFBC}") = "WaveViewer", "WaveViewer\WaveViewer.csproj", "{83E86A62-FF56-4425-9336-0472F8FCEACC}"
EndProject
Global
	GlobalSection(SolutionConfigurationPlatforms) = preSolution
		Debug|Any CPU = Debug|Any CPU
		Release|Any CPU = Release|Any CPU
	EndGlobalSection
	GlobalSection(ProjectConfigurationPlatforms) = postSolution
		{83E86A62-FF56-4425-9336-0472F8FCEACC}.Debug|Any CPU.ActiveCfg = Debug|Any CPU
		{83E86A62-FF56-4425-9336-0472F8FCEACC}.Debug|Any CPU.Build.0 = Debug|Any CPU
		{83E86A62-FF56-4425-9336-0472F8FCEACC}.Release|Any CPU.ActiveCfg = Release|Any CPU
		{83E86A62-FF56-4425-9336-0472F8FCEACC}.Release|Any CPU.Build.0 = Release|Any CPU
	EndGlobalSection
	GlobalSection(SolutionProperties) = preSolution
		HideSolutionNode = FALSE
	EndGlobalSection
	GlobalSection(ExtensibilityGlobals) = postSolution
		SolutionGuid = {63A44F2C-E5B9-48AC-9284-289DFAB4EC34}
	EndGlobalSection
EndGlobal
